# This file is automatically @generated by Cargo.
# It is not intended for manual editing.
version = 3

[[package]]
name = "chessy"
version = "0.2.0"
dependencies = [
 "cozy-chess",
]

[[package]]
name = "cozy-chess"
version = "0.3.1"
source = "registry+https://github.com/rust-lang/crates.io-index"
checksum = "259f73da7eb1a8537c40e361aa93cfa3dc15d75a88f12fdff639892785e1d3b9"
dependencies = [
 "cozy-chess-types",
]

[[package]]
name = "cozy-chess-types"
version = "0.2.1"
source = "registry+https://github.com/rust-lang/crates.io-index"
checksum = "6f4a557c6659b8705d301732f473c9a61659c740ffda3e3485e79d1d4b7a1e12"
